
Microsoft Visual Studio Solution File, Format Version 12.00
# Visual Studio Version 17
VisualStudioVersion = 17.12.35707.178 d17.12
MinimumVisualStudioVersion = 10.0.40219.1
Project("{FAE04EC0-301F-11D3-BF4B-00C04F79EFBC}") = "NetworkUtility", "NetworkUtility\NetworkUtility.csproj", "{4E743045-988D-4C5E-A0BB-44C6BD3DF9BD}"
EndProject
Project("{FAE04EC0-301F-11D3-BF4B-00C04F79EFBC}") = "NetworkUtility.Test", "NetworkUtility.Test\NetworkUtility.Test.csproj", "{1A80D913-7F9D-47EE-9138-03A3ABBD425E}"
EndProject
Global
	GlobalSection(SolutionConfigurationPlatforms) = preSolution
		Debug|Any CPU = Debug|Any CPU
		Release|Any CPU = Release|Any CPU
	EndGlobalSection
	GlobalSection(ProjectConfigurationPlatforms) = postSolution
		{4E743045-988D-4C5E-A0BB-44C6BD3DF9BD}.Debug|Any CPU.ActiveCfg = Debug|Any CPU
		{4E743045-988D-4C5E-A0BB-44C6BD3DF9BD}.Debug|Any CPU.Build.0 = Debug|Any CPU
		{4E743045-988D-4C5E-A0BB-44C6BD3DF9BD}.Release|Any CPU.ActiveCfg = Release|Any CPU
		{4E743045-988D-4C5E-A0BB-44C6BD3DF9BD}.Release|Any CPU.Build.0 = Release|Any CPU
		{1A80D913-7F9D-47EE-9138-03A3ABBD425E}.Debug|Any CPU.ActiveCfg = Debug|Any CPU
		{1A80D913-7F9D-47EE-9138-03A3ABBD425E}.Debug|Any CPU.Build.0 = Debug|Any CPU
		{1A80D913-7F9D-47EE-9138-03A3ABBD425E}.Release|Any CPU.ActiveCfg = Release|Any CPU
		{1A80D913-7F9D-47EE-9138-03A3ABBD425E}.Release|Any CPU.Build.0 = Release|Any CPU
	EndGlobalSection
	GlobalSection(SolutionProperties) = preSolution
		HideSolutionNode = FALSE
	EndGlobalSection
EndGlobal
